
Microsoft Visual Studio Solution File, Format Version 12.00
# Visual Studio 15
VisualStudioVersion = 15.0.26228.4
MinimumVisualStudioVersion = 10.0.40219.1
Project("{8BC9CEB8-8B4A-11D0-8D11-00A0C91BC942}") = "Test", "Test\Test.vcxproj", "{BBB0E55B-49CE-4089-AB89-926A586F7BF5}"
	ProjectSection(ProjectDependencies) = postProject
		{77D3EFCF-8D21-4DC9-BDB7-6E160CF72687} = {77D3EFCF-8D21-4DC9-BDB7-6E160CF72687}
	EndProjectSection
EndProject
Project("{8BC9CEB8-8B4A-11D0-8D11-00A0C91BC942}") = "CapeOpenThermoPackage", "CapeOpenThermoPackage.vcxproj", "{77D3EFCF-8D21-4DC9-BDB7-6E160CF72687}"
EndProject
Global
	GlobalSection(SolutionConfigurationPlatforms) = preSolution
		Debug|Win32 = Debug|Win32
		Debug|x64 = Debug|x64
		DLL Debug|Win32 = DLL Debug|Win32
		DLL Debug|x64 = DLL Debug|x64
		DLL Release|Win32 = DLL Release|Win32
		DLL Release|x64 = DLL Release|x64
		DLL Unicode Debug|Win32 = DLL Unicode Debug|Win32
		DLL Unicode Debug|x64 = DLL Unicode Debug|x64
		DLL Unicode Release|Win32 = DLL Unicode Release|Win32
		DLL Unicode Release|x64 = DLL Unicode Release|x64
		DLL Universal Debug|Win32 = DLL Universal Debug|Win32
		DLL Universal Debug|x64 = DLL Universal Debug|x64
		DLL Universal Release|Win32 = DLL Universal Release|Win32
		DLL Universal Release|x64 = DLL Universal Release|x64
		DLL Universal Unicode Debug|Win32 = DLL Universal Unicode Debug|Win32
		DLL Universal Unicode Debug|x64 = DLL Universal Unicode Debug|x64
		DLL Universal Unicode Release|Win32 = DLL Universal Unicode Release|Win32
		DLL Universal Unicode Release|x64 = DLL Universal Unicode Release|x64
		Release MinDependency|Win32 = Release MinDependency|Win32
		Release MinDependency|x64 = Release MinDependency|x64
		Release MinSize|Win32 = Release MinSize|Win32
		Release MinSize|x64 = Release MinSize|x64
		Release|Win32 = Release|Win32
		Release|x64 = Release|x64
		Release1|Win32 = Release1|Win32
		Release1|x64 = Release1|x64
		Release-win64|Win32 = Release-win64|Win32
		Release-win64|x64 = Release-win64|x64
		Unicode Debug|Win32 = Unicode Debug|Win32
		Unicode Debug|x64 = Unicode Debug|x64
		Unicode Release MinDependency|Win32 = Unicode Release MinDependency|Win32
		Unicode Release MinDependency|x64 = Unicode Release MinDependency|x64
		Unicode Release MinSize|Win32 = Unicode Release MinSize|Win32
		Unicode Release MinSize|x64 = Unicode Release MinSize|x64
		Unicode Release|Win32 = Unicode Release|Win32
		Unicode Release|x64 = Unicode Release|x64
		Universal Debug|Win32 = Universal Debug|Win32
		Universal Debug|x64 = Universal Debug|x64
		Universal Release|Win32 = Universal Release|Win32
		Universal Release|x64 = Universal Release|x64
		Universal Unicode Debug|Win32 = Universal Unicode Debug|Win32
		Universal Unicode Debug|x64 = Universal Unicode Debug|x64
		Universal Unicode Release|Win32 = Universal Unicode Release|Win32
		Universal Unicode Release|x64 = Universal Unicode Release|x64
	EndGlobalSection
	GlobalSection(ProjectConfigurationPlatforms) = postSolution
		{BBB0E55B-49CE-4089-AB89-926A586F7BF5}.Debug|Win32.ActiveCfg = Debug|Win32
		{BBB0E55B-49CE-4089-AB89-926A586F7BF5}.Debug|Win32.Build.0 = Debug|Win32
		{BBB0E55B-49CE-4089-AB89-926A586F7BF5}.Debug|x64.ActiveCfg = Debug|x64
		{BBB0E55B-49CE-4089-AB89-926A586F7BF5}.Debug|x64.Build.0 = Debug|x64
		{BBB0E55B-49CE-4089-AB89-926A586F7BF5}.DLL Debug|Win32.ActiveCfg = Debug|Win32
		{BBB0E55B-49CE-4089-AB89-926A586F7BF5}.DLL Debug|Win32.Build.0 = Debug|Win32
		{BBB0E55B-49CE-4089-AB89-926A586F7BF5}.DLL Debug|x64.ActiveCfg = Debug|x64
		{BBB0E55B-49CE-4089-AB89-926A586F7BF5}.DLL Debug|x64.Build.0 = Debug|x64
		{BBB0E55B-49CE-4089-AB89-926A586F7BF5}.DLL Release|Win32.ActiveCfg = Release|Win32
		{BBB0E55B-49CE-4089-AB89-926A586F7BF5}.DLL Release|Win32.Build.0 = Release|Win32
		{BBB0E55B-49CE-4089-AB89-926A586F7BF5}.DLL Release|x64.ActiveCfg = Release|x64
		{BBB0E55B-49CE-4089-AB89-926A586F7BF5}.DLL Release|x64.Build.0 = Release|x64
		{BBB0E55B-49CE-4089-AB89-926A586F7BF5}.DLL Unicode Debug|Win32.ActiveCfg = Debug|Win32
		{BBB0E55B-49CE-4089-AB89-926A586F7BF5}.DLL Unicode Debug|Win32.Build.0 = Debug|Win32
		{BBB0E55B-49CE-4089-AB89-926A586F7BF5}.DLL Unicode Debug|x64.ActiveCfg = Debug|x64
		{BBB0E55B-49CE-4089-AB89-926A586F7BF5}.DLL Unicode Debug|x64.Build.0 = Debug|x64
		{BBB0E55B-49CE-4089-AB89-926A586F7BF5}.DLL Unicode Release|Win32.ActiveCfg = Release|Win32
		{BBB0E55B-49CE-4089-AB89-926A586F7BF5}.DLL Unicode Release|Win32.Build.0 = Release|Win32
		{BBB0E55B-49CE-4089-AB89-926A586F7BF5}.DLL Unicode Release|x64.ActiveCfg = Release|x64
		{BBB0E55B-49CE-4089-AB89-926A586F7BF5}.DLL Unicode Release|x64.Build.0 = Release|x64
		{BBB0E55B-49CE-4089-AB89-926A586F7BF5}.DLL Universal Debug|Win32.ActiveCfg = Debug|Win32
		{BBB0E55B-49CE-4089-AB89-926A586F7BF5}.DLL Universal Debug|Win32.Build.0 = Debug|Win32
		{BBB0E55B-49CE-4089-AB89-926A586F7BF5}.DLL Universal Debug|x64.ActiveCfg = Debug|x64
		{BBB0E55B-49CE-4089-AB89-926A586F7BF5}.DLL Universal Debug|x64.Build.0 = Debug|x64
		{BBB0E55B-49CE-4089-AB89-926A586F7BF5}.DLL Universal Release|Win32.ActiveCfg = Release|Win32
		{BBB0E55B-49CE-4089-AB89-926A586F7BF5}.DLL Universal Release|Win32.Build.0 = Release|Win32
		{BBB0E55B-49CE-4089-AB89-926A586F7BF5}.DLL Universal Release|x64.ActiveCfg = Release|x64
		{BBB0E55B-49CE-4089-AB89-926A586F7BF5}.DLL Universal Release|x64.Build.0 = Release|x64
		{BBB0E55B-49CE-4089-AB89-926A586F7BF5}.DLL Universal Unicode Debug|Win32.ActiveCfg = Debug|Win32
		{BBB0E55B-49CE-4089-AB89-926A586F7BF5}.DLL Universal Unicode Debug|Win32.Build.0 = Debug|Win32
		{BBB0E55B-49CE-4089-AB89-926A586F7BF5}.DLL Universal Unicode Debug|x64.ActiveCfg = Debug|x64
		{BBB0E55B-49CE-4089-AB89-926A586F7BF5}.DLL Universal Unicode Debug|x64.Build.0 = Debug|x64
		{BBB0E55B-49CE-4089-AB89-926A586F7BF5}.DLL Universal Unicode Release|Win32.ActiveCfg = Release|Win32
		{BBB0E55B-49CE-4089-AB89-926A586F7BF5}.DLL Universal Unicode Release|Win32.Build.0 = Release|Win32
		{BBB0E55B-49CE-4089-AB89-926A586F7BF5}.DLL Universal Unicode Release|x64.ActiveCfg = Release|x64
		{BBB0E55B-49CE-4089-AB89-926A586F7BF5}.DLL Universal Unicode Release|x64.Build.0 = Release|x64
		{BBB0E55B-49CE-4089-AB89-926A586F7BF5}.Release MinDependency|Win32.ActiveCfg = Release|Win32
		{BBB0E55B-49CE-4089-AB89-926A586F7BF5}.Release MinDependency|Win32.Build.0 = Release|Win32
		{BBB0E55B-49CE-4089-AB89-926A586F7BF5}.Release MinDependency|x64.ActiveCfg = Release|x64
		{BBB0E55B-49CE-4089-AB89-926A586F7BF5}.Release MinDependency|x64.Build.0 = Release|x64
		{BBB0E55B-49CE-4089-AB89-926A586F7BF5}.Release MinSize|Win32.ActiveCfg = Release|Win32
		{BBB0E55B-49CE-4089-AB89-926A586F7BF5}.Release MinSize|Win32.Build.0 = Release|Win32
		{BBB0E55B-49CE-4089-AB89-926A586F7BF5}.Release MinSize|x64.ActiveCfg = Release|x64
		{BBB0E55B-49CE-4089-AB89-926A586F7BF5}.Release MinSize|x64.Build.0 = Release|x64
		{BBB0E55B-49CE-4089-AB89-926A586F7BF5}.Release|Win32.ActiveCfg = Release|Win32
		{BBB0E55B-49CE-4089-AB89-926A586F7BF5}.Release|Win32.Build.0 = Release|Win32
		{BBB0E55B-49CE-4089-AB89-926A586F7BF5}.Release|x64.ActiveCfg = Release|x64
		{BBB0E55B-49CE-4089-AB89-926A586F7BF5}.Release|x64.Build.0 = Release|x64
		{BBB0E55B-49CE-4089-AB89-926A586F7BF5}.Release1|Win32.ActiveCfg = Release|Win32
		{BBB0E55B-49CE-4089-AB89-926A586F7BF5}.Release1|Win32.Build.0 = Release|Win32
		{BBB0E55B-49CE-4089-AB89-926A586F7BF5}.Release1|x64.ActiveCfg = Release|x64
		{BBB0E55B-49CE-4089-AB89-926A586F7BF5}.Release1|x64.Build.0 = Release|x64
		{BBB0E55B-49CE-4089-AB89-926A586F7BF5}.Release-win64|Win32.ActiveCfg = Release-win64|Win32
		{BBB0E55B-49CE-4089-AB89-926A586F7BF5}.Release-win64|Win32.Build.0 = Release-win64|Win32
		{BBB0E55B-49CE-4089-AB89-926A586F7BF5}.Release-win64|x64.ActiveCfg = Release-win64|x64
		{BBB0E55B-49CE-4089-AB89-926A586F7BF5}.Release-win64|x64.Build.0 = Release-win64|x64
		{BBB0E55B-49CE-4089-AB89-926A586F7BF5}.Unicode Debug|Win32.ActiveCfg = Debug|Win32
		{BBB0E55B-49CE-4089-AB89-926A586F7BF5}.Unicode Debug|Win32.Build.0 = Debug|Win32
		{BBB0E55B-49CE-4089-AB89-926A586F7BF5}.Unicode Debug|x64.ActiveCfg = Debug|x64
		{BBB0E55B-49CE-4089-AB89-926A586F7BF5}.Unicode Debug|x64.Build.0 = Debug|x64
		{BBB0E55B-49CE-4089-AB89-926A586F7BF5}.Unicode Release MinDependency|Win32.ActiveCfg = Release|Win32
		{BBB0E55B-49CE-4089-AB89-926A586F7BF5}.Unicode Release MinDependency|Win32.Build.0 = Release|Win32
		{BBB0E55B-49CE-4089-AB89-926A586F7BF5}.Unicode Release MinDependency|x64.ActiveCfg = Release|x64
		{BBB0E55B-49CE-4089-AB89-926A586F7BF5}.Unicode Release MinDependency|x64.Build.0 = Release|x64
		{BBB0E55B-49CE-4089-AB89-926A586F7BF5}.Unicode Release MinSize|Win32.ActiveCfg = Release|Win32
		{BBB0E55B-49CE-4089-AB89-926A586F7BF5}.Unicode Release MinSize|Win32.Build.0 = Release|Win32
		{BBB0E55B-49CE-4089-AB89-926A586F7BF5}.Unicode Release MinSize|x64.ActiveCfg = Release|x64
		{BBB0E55B-49CE-4089-AB89-926A586F7BF5}.Unicode Release MinSize|x64.Build.0 = Release|x64
		{BBB0E55B-49CE-4089-AB89-926A586F7BF5}.Unicode Release|Win32.ActiveCfg = Release|Win32
		{BBB0E55B-49CE-4089-AB89-926A586F7BF5}.Unicode Release|Win32.Build.0 = Release|Win32
		{BBB0E55B-49CE-4089-AB89-926A586F7BF5}.Unicode Release|x64.ActiveCfg = Release|x64
		{BBB0E55B-49CE-4089-AB89-926A586F7BF5}.Unicode Release|x64.Build.0 = Release|x64
		{BBB0E55B-49CE-4089-AB89-926A586F7BF5}.Universal Debug|Win32.ActiveCfg = Debug|Win32
		{BBB0E55B-49CE-4089-AB89-926A586F7BF5}.Universal Debug|Win32.Build.0 = Debug|Win32
		{BBB0E55B-49CE-4089-AB89-926A586F7BF5}.Universal Debug|x64.ActiveCfg = Debug|x64
		{BBB0E55B-49CE-4089-AB89-926A586F7BF5}.Universal Debug|x64.Build.0 = Debug|x64
		{BBB0E55B-49CE-4089-AB89-926A586F7BF5}.Universal Release|Win32.ActiveCfg = Release|Win32
		{BBB0E55B-49CE-4089-AB89-926A586F7BF5}.Universal Release|Win32.Build.0 = Release|Win32
		{BBB0E55B-49CE-4089-AB89-926A586F7BF5}.Universal Release|x64.ActiveCfg = Release|x64
		{BBB0E55B-49CE-4089-AB89-926A586F7BF5}.Universal Release|x64.Build.0 = Release|x64
		{BBB0E55B-49CE-4089-AB89-926A586F7BF5}.Universal Unicode Debug|Win32.ActiveCfg = Debug|Win32
		{BBB0E55B-49CE-4089-AB89-926A586F7BF5}.Universal Unicode Debug|Win32.Build.0 = Debug|Win32
		{BBB0E55B-49CE-4089-AB89-926A586F7BF5}.Universal Unicode Debug|x64.ActiveCfg = Debug|x64
		{BBB0E55B-49CE-4089-AB89-926A586F7BF5}.Universal Unicode Debug|x64.Build.0 = Debug|x64
		{BBB0E55B-49CE-4089-AB89-926A586F7BF5}.Universal Unicode Release|Win32.ActiveCfg = Release|Win32
		{BBB0E55B-49CE-4089-AB89-926A586F7BF5}.Universal Unicode Release|Win32.Build.0 = Release|Win32
		{BBB0E55B-49CE-4089-AB89-926A586F7BF5}.Universal Unicode Release|x64.ActiveCfg = Release|x64
		{BBB0E55B-49CE-4089-AB89-926A586F7BF5}.Universal Unicode Release|x64.Build.0 = Release|x64
		{77D3EFCF-8D21-4DC9-BDB7-6E160CF72687}.Debug|Win32.ActiveCfg = Debug|Win32
		{77D3EFCF-8D21-4DC9-BDB7-6E160CF72687}.Debug|Win32.Build.0 = Debug|Win32
		{77D3EFCF-8D21-4DC9-BDB7-6E160CF72687}.Debug|x64.ActiveCfg = Debug|x64
		{77D3EFCF-8D21-4DC9-BDB7-6E160CF72687}.Debug|x64.Build.0 = Debug|x64
		{77D3EFCF-8D21-4DC9-BDB7-6E160CF72687}.DLL Debug|Win32.ActiveCfg = Debug|Win32
		{77D3EFCF-8D21-4DC9-BDB7-6E160CF72687}.DLL Debug|Win32.Build.0 = Debug|Win32
		{77D3EFCF-8D21-4DC9-BDB7-6E160CF72687}.DLL Debug|x64.ActiveCfg = Debug|x64
		{77D3EFCF-8D21-4DC9-BDB7-6E160CF72687}.DLL Debug|x64.Build.0 = Debug|x64
		{77D3EFCF-8D21-4DC9-BDB7-6E160CF72687}.DLL Release|Win32.ActiveCfg = Release|Win32
		{77D3EFCF-8D21-4DC9-BDB7-6E160CF72687}.DLL Release|Win32.Build.0 = Release|Win32
		{77D3EFCF-8D21-4DC9-BDB7-6E160CF72687}.DLL Release|x64.ActiveCfg = Release|x64
		{77D3EFCF-8D21-4DC9-BDB7-6E160CF72687}.DLL Release|x64.Build.0 = Release|x64
		{77D3EFCF-8D21-4DC9-BDB7-6E160CF72687}.DLL Unicode Debug|Win32.ActiveCfg = Debug|Win32
		{77D3EFCF-8D21-4DC9-BDB7-6E160CF72687}.DLL Unicode Debug|Win32.Build.0 = Debug|Win32
		{77D3EFCF-8D21-4DC9-BDB7-6E160CF72687}.DLL Unicode Debug|x64.ActiveCfg = Debug|x64
		{77D3EFCF-8D21-4DC9-BDB7-6E160CF72687}.DLL Unicode Debug|x64.Build.0 = Debug|x64
		{77D3EFCF-8D21-4DC9-BDB7-6E160CF72687}.DLL Unicode Release|Win32.ActiveCfg = Release|Win32
		{77D3EFCF-8D21-4DC9-BDB7-6E160CF72687}.DLL Unicode Release|Win32.Build.0 = Release|Win32
		{77D3EFCF-8D21-4DC9-BDB7-6E160CF72687}.DLL Unicode Release|x64.ActiveCfg = Release|x64
		{77D3EFCF-8D21-4DC9-BDB7-6E160CF72687}.DLL Unicode Release|x64.Build.0 = Release|x64
		{77D3EFCF-8D21-4DC9-BDB7-6E160CF72687}.DLL Universal Debug|Win32.ActiveCfg = Debug|Win32
		{77D3EFCF-8D21-4DC9-BDB7-6E160CF72687}.DLL Universal Debug|Win32.Build.0 = Debug|Win32
		{77D3EFCF-8D21-4DC9-BDB7-6E160CF72687}.DLL Universal Debug|x64.ActiveCfg = Debug|x64
		{77D3EFCF-8D21-4DC9-BDB7-6E160CF72687}.DLL Universal Debug|x64.Build.0 = Debug|x64
		{77D3EFCF-8D21-4DC9-BDB7-6E160CF72687}.DLL Universal Release|Win32.ActiveCfg = Release|Win32
		{77D3EFCF-8D21-4DC9-BDB7-6E160CF72687}.DLL Universal Release|Win32.Build.0 = Release|Win32
		{77D3EFCF-8D21-4DC9-BDB7-6E160CF72687}.DLL Universal Release|x64.ActiveCfg = Release|x64
		{77D3EFCF-8D21-4DC9-BDB7-6E160CF72687}.DLL Universal Release|x64.Build.0 = Release|x64
		{77D3EFCF-8D21-4DC9-BDB7-6E160CF72687}.DLL Universal Unicode Debug|Win32.ActiveCfg = Debug|Win32
		{77D3EFCF-8D21-4DC9-BDB7-6E160CF72687}.DLL Universal Unicode Debug|Win32.Build.0 = Debug|Win32
		{77D3EFCF-8D21-4DC9-BDB7-6E160CF72687}.DLL Universal Unicode Debug|x64.ActiveCfg = Debug|x64
		{77D3EFCF-8D21-4DC9-BDB7-6E160CF72687}.DLL Universal Unicode Debug|x64.Build.0 = Debug|x64
		{77D3EFCF-8D21-4DC9-BDB7-6E160CF72687}.DLL Universal Unicode Release|Win32.ActiveCfg = Release|Win32
		{77D3EFCF-8D21-4DC9-BDB7-6E160CF72687}.DLL Universal Unicode Release|Win32.Build.0 = Release|Win32
		{77D3EFCF-8D21-4DC9-BDB7-6E160CF72687}.DLL Universal Unicode Release|x64.ActiveCfg = Release|x64
		{77D3EFCF-8D21-4DC9-BDB7-6E160CF72687}.DLL Universal Unicode Release|x64.Build.0 = Release|x64
		{77D3EFCF-8D21-4DC9-BDB7-6E160CF72687}.Release MinDependency|Win32.ActiveCfg = Release|Win32
		{77D3EFCF-8D21-4DC9-BDB7-6E160CF72687}.Release MinDependency|Win32.Build.0 = Release|Win32
		{77D3EFCF-8D21-4DC9-BDB7-6E160CF72687}.Release MinDependency|x64.ActiveCfg = Release|x64
		{77D3EFCF-8D21-4DC9-BDB7-6E160CF72687}.Release MinDependency|x64.Build.0 = Release|x64
		{77D3EFCF-8D21-4DC9-BDB7-6E160CF72687}.Release MinSize|Win32.ActiveCfg = Release|Win32
		{77D3EFCF-8D21-4DC9-BDB7-6E160CF72687}.Release MinSize|Win32.Build.0 = Release|Win32
		{77D3EFCF-8D21-4DC9-BDB7-6E160CF72687}.Release MinSize|x64.ActiveCfg = Release|x64
		{77D3EFCF-8D21-4DC9-BDB7-6E160CF72687}.Release MinSize|x64.Build.0 = Release|x64
		{77D3EFCF-8D21-4DC9-BDB7-6E160CF72687}.Release|Win32.ActiveCfg = Release|Win32
		{77D3EFCF-8D21-4DC9-BDB7-6E160CF72687}.Release|Win32.Build.0 = Release|Win32
		{77D3EFCF-8D21-4DC9-BDB7-6E160CF72687}.Release|x64.ActiveCfg = Release|x64
		{77D3EFCF-8D21-4DC9-BDB7-6E160CF72687}.Release|x64.Build.0 = Release|x64
		{77D3EFCF-8D21-4DC9-BDB7-6E160CF72687}.Release1|Win32.ActiveCfg = Release|Win32
		{77D3EFCF-8D21-4DC9-BDB7-6E160CF72687}.Release1|Win32.Build.0 = Release|Win32
		{77D3EFCF-8D21-4DC9-BDB7-6E160CF72687}.Release1|x64.ActiveCfg = Release|x64
		{77D3EFCF-8D21-4DC9-BDB7-6E160CF72687}.Release1|x64.Build.0 = Release|x64
		{77D3EFCF-8D21-4DC9-BDB7-6E160CF72687}.Release-win64|Win32.ActiveCfg = Release-win64|Win32
		{77D3EFCF-8D21-4DC9-BDB7-6E160CF72687}.Release-win64|Win32.Build.0 = Release-win64|Win32
		{77D3EFCF-8D21-4DC9-BDB7-6E160CF72687}.Release-win64|x64.ActiveCfg = Release-win64|x64
		{77D3EFCF-8D21-4DC9-BDB7-6E160CF72687}.Release-win64|x64.Build.0 = Release-win64|x64
		{77D3EFCF-8D21-4DC9-BDB7-6E160CF72687}.Unicode Debug|Win32.ActiveCfg = Debug|Win32
		{77D3EFCF-8D21-4DC9-BDB7-6E160CF72687}.Unicode Debug|Win32.Build.0 = Debug|Win32
		{77D3EFCF-8D21-4DC9-BDB7-6E160CF72687}.Unicode Debug|x64.ActiveCfg = Debug|x64
		{77D3EFCF-8D21-4DC9-BDB7-6E160CF72687}.Unicode Debug|x64.Build.0 = Debug|x64
		{77D3EFCF-8D21-4DC9-BDB7-6E160CF72687}.Unicode Release MinDependency|Win32.ActiveCfg = Release|Win32
		{77D3EFCF-8D21-4DC9-BDB7-6E160CF72687}.Unicode Release MinDependency|Win32.Build.0 = Release|Win32
		{77D3EFCF-8D21-4DC9-BDB7-6E160CF72687}.Unicode Release MinDependency|x64.ActiveCfg = Release|x64
		{77D3EFCF-8D21-4DC9-BDB7-6E160CF72687}.Unicode Release MinDependency|x64.Build.0 = Release|x64
		{77D3EFCF-8D21-4DC9-BDB7-6E160CF72687}.Unicode Release MinSize|Win32.ActiveCfg = Release|Win32
		{77D3EFCF-8D21-4DC9-BDB7-6E160CF72687}.Unicode Release MinSize|Win32.Build.0 = Release|Win32
		{77D3EFCF-8D21-4DC9-BDB7-6E160CF72687}.Unicode Release MinSize|x64.ActiveCfg = Release|x64
		{77D3EFCF-8D21-4DC9-BDB7-6E160CF72687}.Unicode Release MinSize|x64.Build.0 = Release|x64
		{77D3EFCF-8D21-4DC9-BDB7-6E160CF72687}.Unicode Release|Win32.ActiveCfg = Release|Win32
		{77D3EFCF-8D21-4DC9-BDB7-6E160CF72687}.Unicode Release|Win32.Build.0 = Release|Win32
		{77D3EFCF-8D21-4DC9-BDB7-6E160CF72687}.Unicode Release|x64.ActiveCfg = Release|x64
		{77D3EFCF-8D21-4DC9-BDB7-6E160CF72687}.Unicode Release|x64.Build.0 = Release|x64
		{77D3EFCF-8D21-4DC9-BDB7-6E160CF72687}.Universal Debug|Win32.ActiveCfg = Debug|Win32
		{77D3EFCF-8D21-4DC9-BDB7-6E160CF72687}.Universal Debug|Win32.Build.0 = Debug|Win32
		{77D3EFCF-8D21-4DC9-BDB7-6E160CF72687}.Universal Debug|x64.ActiveCfg = Debug|x64
		{77D3EFCF-8D21-4DC9-BDB7-6E160CF72687}.Universal Debug|x64.Build.0 = Debug|x64
		{77D3EFCF-8D21-4DC9-BDB7-6E160CF72687}.Universal Release|Win32.ActiveCfg = Release|Win32
		{77D3EFCF-8D21-4DC9-BDB7-6E160CF72687}.Universal Release|Win32.Build.0 = Release|Win32
		{77D3EFCF-8D21-4DC9-BDB7-6E160CF72687}.Universal Release|x64.ActiveCfg = Release|x64
		{77D3EFCF-8D21-4DC9-BDB7-6E160CF72687}.Universal Release|x64.Build.0 = Release|x64
		{77D3EFCF-8D21-4DC9-BDB7-6E160CF72687}.Universal Unicode Debug|Win32.ActiveCfg = Debug|Win32
		{77D3EFCF-8D21-4DC9-BDB7-6E160CF72687}.Universal Unicode Debug|Win32.Build.0 = Debug|Win32
		{77D3EFCF-8D21-4DC9-BDB7-6E160CF72687}.Universal Unicode Debug|x64.ActiveCfg = Debug|x64
		{77D3EFCF-8D21-4DC9-BDB7-6E160CF72687}.Universal Unicode Debug|x64.Build.0 = Debug|x64
		{77D3EFCF-8D21-4DC9-BDB7-6E160CF72687}.Universal Unicode Release|Win32.ActiveCfg = Release|Win32
		{77D3EFCF-8D21-4DC9-BDB7-6E160CF72687}.Universal Unicode Release|Win32.Build.0 = Release|Win32
		{77D3EFCF-8D21-4DC9-BDB7-6E160CF72687}.Universal Unicode Release|x64.ActiveCfg = Release|x64
		{77D3EFCF-8D21-4DC9-BDB7-6E160CF72687}.Universal Unicode Release|x64.Build.0 = Release|x64
	EndGlobalSection
	GlobalSection(SolutionProperties) = preSolution
		HideSolutionNode = FALSE
	EndGlobalSection
EndGlobal
